{
  "projects": [
    {
      "projectId": "seaQhLVS4bbjiGvJJrRwyL",
      "version": "15.0.3",
      "dependencies": {},
      "lang": "js",
      "fileLocks": [
        {
          "assetId": "seaQhLVS4bbjiGvJJrRwyL",
          "type": "projectCss",
          "checksum": "ece20f44556ec6d6230797947e2125ef"
        }
      ]
    },
    {
      "projectId": "hxnjFF4aKPQYJ3QuD1VZUf",
      "version": "latest",
      "dependencies": {
        "seaQhLVS4bbjiGvJJrRwyL": "15.0.3"
      },
      "lang": "js",
      "fileLocks": [
        {
          "type": "globalVariant",
          "assetId": "5twopocMqt8Y",
          "checksum": "9ef5418859c6a49e003ad69f8401d029"
        },
        {
          "assetId": "hxnjFF4aKPQYJ3QuD1VZUf",
          "type": "projectCss",
          "checksum": "c9530e65823ecdd33d80daad758dccfe"
        },
        {
          "type": "renderModule",
          "assetId": "VL8X3UBOmHt",
          "checksum": "d2ecaf4c095efb064e9fedd5108381a5"
        },
        {
          "type": "cssRules",
          "assetId": "VL8X3UBOmHt",
          "checksum": "d2ecaf4c095efb064e9fedd5108381a5"
        },
        {
          "type": "renderModule",
          "assetId": "SpQrDSfZy-T",
          "checksum": "967a417727975b0813c0a80296e89567"
        },
        {
          "type": "cssRules",
          "assetId": "SpQrDSfZy-T",
          "checksum": "967a417727975b0813c0a80296e89567"
        },
        {
          "type": "renderModule",
          "assetId": "f3Snupggumc",
          "checksum": "6847e076889e57bda148a2c60785373e"
        },
        {
          "type": "cssRules",
          "assetId": "f3Snupggumc",
          "checksum": "6847e076889e57bda148a2c60785373e"
        },
        {
          "type": "renderModule",
          "assetId": "dOG7Lq0ph4w",
          "checksum": "7266f7d71f8deba1a5c73672510d9f79"
        },
        {
          "type": "cssRules",
          "assetId": "dOG7Lq0ph4w",
          "checksum": "7266f7d71f8deba1a5c73672510d9f79"
        },
        {
          "type": "renderModule",
          "assetId": "VOr_hW1BUN3",
          "checksum": "eb50ab95814b247e4ec903721b3fe222"
        },
        {
          "type": "cssRules",
          "assetId": "VOr_hW1BUN3",
          "checksum": "eb50ab95814b247e4ec903721b3fe222"
        },
        {
          "type": "renderModule",
          "assetId": "MnkFthvvCsp",
          "checksum": "59c11f9eac826659f74406b118cf3167"
        },
        {
          "type": "cssRules",
          "assetId": "MnkFthvvCsp",
          "checksum": "59c11f9eac826659f74406b118cf3167"
        },
        {
          "type": "renderModule",
          "assetId": "QGqxHMrRzt7Y",
          "checksum": "37c8b6527470796348c56e2e847ae773"
        },
        {
          "type": "cssRules",
          "assetId": "QGqxHMrRzt7Y",
          "checksum": "37c8b6527470796348c56e2e847ae773"
        },
        {
          "type": "renderModule",
          "assetId": "9y4XOMYWqdDb",
          "checksum": "d094b5ff02f4be09da19a08fa4877e29"
        },
        {
          "type": "cssRules",
          "assetId": "9y4XOMYWqdDb",
          "checksum": "d094b5ff02f4be09da19a08fa4877e29"
        },
        {
          "type": "renderModule",
          "assetId": "tkOgkXP0m9rZ",
          "checksum": "8d31b757f61f00c5a00a342daa686396"
        },
        {
          "type": "cssRules",
          "assetId": "tkOgkXP0m9rZ",
          "checksum": "8d31b757f61f00c5a00a342daa686396"
        },
        {
          "type": "renderModule",
          "assetId": "70pRqKwjwyda",
          "checksum": "2de649e1559de36b32ab13edf06f9bfc"
        },
        {
          "type": "cssRules",
          "assetId": "70pRqKwjwyda",
          "checksum": "2de649e1559de36b32ab13edf06f9bfc"
        },
        {
          "type": "renderModule",
          "assetId": "SDYlgGTQdn0P",
          "checksum": "b6d62a4cf2f83d9d927f31c81a805dbb"
        },
        {
          "type": "cssRules",
          "assetId": "SDYlgGTQdn0P",
          "checksum": "b6d62a4cf2f83d9d927f31c81a805dbb"
        },
        {
          "type": "renderModule",
          "assetId": "oJGY9NZ5s3IK",
          "checksum": "b48e3b9f1f31a58100dcf1efd1cd6942"
        },
        {
          "type": "cssRules",
          "assetId": "oJGY9NZ5s3IK",
          "checksum": "b48e3b9f1f31a58100dcf1efd1cd6942"
        },
        {
          "type": "renderModule",
          "assetId": "o0rr8f_65tNt",
          "checksum": "273c45fdfb464cd6cf2cd0065c971f3b"
        },
        {
          "type": "cssRules",
          "assetId": "o0rr8f_65tNt",
          "checksum": "273c45fdfb464cd6cf2cd0065c971f3b"
        },
        {
          "type": "renderModule",
          "assetId": "Of26EOuuMmur",
          "checksum": "9c0e0059037c2246d40bd2e691aebcb0"
        },
        {
          "type": "cssRules",
          "assetId": "Of26EOuuMmur",
          "checksum": "9c0e0059037c2246d40bd2e691aebcb0"
        },
        {
          "type": "renderModule",
          "assetId": "XqCYd9Plo5RT",
          "checksum": "92ab439c6c32d52581072b4721d4c38a"
        },
        {
          "type": "cssRules",
          "assetId": "XqCYd9Plo5RT",
          "checksum": "92ab439c6c32d52581072b4721d4c38a"
        },
        {
          "type": "renderModule",
          "assetId": "qufbzsruI3cM",
          "checksum": "f6330383f4299b36593bb49b5ea8e431"
        },
        {
          "type": "cssRules",
          "assetId": "qufbzsruI3cM",
          "checksum": "f6330383f4299b36593bb49b5ea8e431"
        },
        {
          "type": "renderModule",
          "assetId": "9Qnm4WdRDSOR",
          "checksum": "5af82361fce9663f4a0c4c852d333605"
        },
        {
          "type": "cssRules",
          "assetId": "9Qnm4WdRDSOR",
          "checksum": "5af82361fce9663f4a0c4c852d333605"
        },
        {
          "type": "icon",
          "assetId": "Y4kCicowFxLI",
          "checksum": "7e39ea2c3f39d35572c3cde01d6273ba"
        },
        {
          "type": "icon",
          "assetId": "Awe8ImUzcx8p",
          "checksum": "2070c369dedcd851f547831586b629d5"
        },
        {
          "type": "icon",
          "assetId": "JHHPjpIeX9em",
          "checksum": "d6c25da41dff2ca951473d5398d966c4"
        },
        {
          "type": "icon",
          "assetId": "SmcuN9-BtvjB",
          "checksum": "50013b19c6ef9786099bdb55d6c7654e"
        },
        {
          "type": "icon",
          "assetId": "Kn25pp8pOweS",
          "checksum": "40eff50925027030631c8872dc836a4d"
        },
        {
          "type": "icon",
          "assetId": "gmOfmh45CN7R",
          "checksum": "0fb390cba5edbf4a404b3d80ad176547"
        },
        {
          "type": "icon",
          "assetId": "U_8UPpATyEPp",
          "checksum": "59de31f5b3ab1b254b940d397692d917"
        },
        {
          "type": "icon",
          "assetId": "PRuT87BcjclW",
          "checksum": "3cccd168fa3f03d7a6494392c64cb27d"
        },
        {
          "type": "icon",
          "assetId": "TusU1Bp6u8jp",
          "checksum": "6c489b26a7c1e509d937d364f73ee3aa"
        },
        {
          "type": "icon",
          "assetId": "f-oaIQkqpvHY",
          "checksum": "f2c59437555b3cb81ce288a1c7cf4f3c"
        },
        {
          "type": "icon",
          "assetId": "ISZBnBfISWE8",
          "checksum": "095dee67846be579262280216309e3f9"
        },
        {
          "type": "icon",
          "assetId": "QxHoALNAQTuz",
          "checksum": "e4c85ef3055587a238a58ecfa50bc825"
        },
        {
          "type": "icon",
          "assetId": "TyMAO7zwpxnJ",
          "checksum": "2b0bcecbb6ed46768536a18b98c6a57e"
        },
        {
          "type": "icon",
          "assetId": "-nLd4dVc-LZB",
          "checksum": "bbc7f33ed4863d7e3256c24581e8b7a1"
        },
        {
          "type": "icon",
          "assetId": "8IFkhHnsH3NT",
          "checksum": "d9891fb73356bf0c9f80c31f66334890"
        },
        {
          "type": "icon",
          "assetId": "QOsO2c3yigsq",
          "checksum": "4c55a41de781a6fff3571c744b0fa795"
        },
        {
          "type": "icon",
          "assetId": "0gJykjh8kbZ2",
          "checksum": "ce483d31ad5805edae619654e72e86d0"
        },
        {
          "type": "icon",
          "assetId": "4JLjkUzWKily",
          "checksum": "8f9f86c31bdfd17667c7cb79f94d46ac"
        },
        {
          "type": "icon",
          "assetId": "66sxbz8Orn3A",
          "checksum": "e365cd340ff6dc4bee21a132249778c1"
        },
        {
          "type": "icon",
          "assetId": "G8PXomlYbvTv",
          "checksum": "75ab4ac7a67f902d2cc9f15c6bda7ac0"
        },
        {
          "type": "icon",
          "assetId": "yY22_fSB9cwa",
          "checksum": "61b7751dd303c0d64e48ac28e90959cd"
        },
        {
          "type": "icon",
          "assetId": "OIJAI4yuKTDh",
          "checksum": "c3b5e3dccc9ef10d672609e2d31a5b54"
        },
        {
          "type": "image",
          "assetId": "Jwa-pO_-9AVt",
          "checksum": "8b149df7d28c400b04e01539abf96279"
        },
        {
          "type": "image",
          "assetId": "hBuW26lS_9bH",
          "checksum": "8f80f14a98142c35d2bdda0b487e18d2"
        },
        {
          "type": "image",
          "assetId": "C3sGJwKEq0T6",
          "checksum": "dab41ffc43df9382de87e9d965374ff6"
        },
        {
          "type": "image",
          "assetId": "-I5k1923DgJG",
          "checksum": "fd12b6d485ff19f359e22eb200cfb281"
        }
      ]
    }
  ],
  "cliVersion": "0.1.166"
}
